// !$*UTF8*$!
{
	archiveVersion = 1;
	classes = {
	};
	objectVersion = 56;
	objects = {

/* Begin PBXBuildFile section */
		CE62D0B829DAE713008620E1 /* AppDelegate.swift in Sources */ = {isa = PBXBuildFile; fileRef = CE62D0B729DAE713008620E1 /* AppDelegate.swift */; };
		CE62D0BA29DAE713008620E1 /* SceneDelegate.swift in Sources */ = {isa = PBXBuildFile; fileRef = CE62D0B929DAE713008620E1 /* SceneDelegate.swift */; };
		CE62D0BC29DAE713008620E1 /* ViewController.swift in Sources */ = {isa = PBXBuildFile; fileRef = CE62D0BB29DAE713008620E1 /* ViewController.swift */; };
		CE62D0BF29DAE713008620E1 /* Main.storyboard in Resources */ = {isa = PBXBuildFile; fileRef = CE62D0BD29DAE713008620E1 /* Main.storyboard */; };
		CE62D0C129DAE715008620E1 /* Assets.xcassets in Resources */ = {isa = PBXBuildFile; fileRef = CE62D0C029DAE715008620E1 /* Assets.xcassets */; };
		CE62D0C429DAE715008620E1 /* LaunchScreen.storyboard in Resources */ = {isa = PBXBuildFile; fileRef = CE62D0C229DAE715008620E1 /* LaunchScreen.storyboard */; };
		CE62D0CF29DAE715008620E1 /* GithubDemoTests.swift in Sources */ = {isa = PBXBuildFile; fileRef = CE62D0CE29DAE715008620E1 /* GithubDemoTests.swift */; };
		CE62D0D929DAE715008620E1 /* GithubDemoUITests.swift in Sources */ = {isa = PBXBuildFile; fileRef = CE62D0D829DAE715008620E1 /* GithubDemoUITests.swift */; };
		CE62D0DB29DAE715008620E1 /* GithubDemoUITestsLaunchTests.swift in Sources */ = {isa = PBXBuildFile; fileRef = CE62D0DA29DAE715008620E1 /* GithubDemoUITestsLaunchTests.swift */; };
/* End PBXBuildFile section */

/* Begin PBXContainerItemProxy section */
		CE62D0CB29DAE715008620E1 /* PBXContainerItemProxy */ = {
			isa = PBXContainerItemProxy;
			containerPortal = CE62D0AC29DAE713008620E1 /* Project object */;
			proxyType = 1;
			remoteGlobalIDString = CE62D0B329DAE713008620E1;
			remoteInfo = GithubDemo;
		};
		CE62D0D529DAE715008620E1 /* PBXContainerItemProxy */ = {
			isa = PBXContainerItemProxy;
			containerPortal = CE62D0AC29DAE713008620E1 /* Project object */;
			proxyType = 1;
			remoteGlobalIDString = CE62D0B329DAE713008620E1;
			remoteInfo = GithubDemo;
		};
/* End PBXContainerItemProxy section */

/* Begin PBXFileReference section */
		CE62D0B429DAE713008620E1 /* GithubDemo.app */ = {isa = PBXFileReference; explicitFileType = wrapper.application; includeInIndex = 0; path = GithubDemo.app; sourceTree = BUILT_PRODUCTS_DIR; };
		CE62D0B729DAE713008620E1 /* AppDelegate.swift */ = {isa = PBXFileReference; lastKnownFileType = sourcecode.swift; path = AppDelegate.swift; sourceTree = "<group>"; };
		CE62D0B929DAE713008620E1 /* SceneDelegate.swift */ = {isa = PBXFileReference; lastKnownFileType = sourcecode.swift; path = SceneDelegate.swift; sourceTree = "<group>"; };
		CE62D0BB29DAE713008620E1 /* ViewController.swift */ = {isa = PBXFileReference; lastKnownFileType = sourcecode.swift; path = ViewController.swift; sourceTree = "<group>"; };
		CE62D0BE29DAE713008620E1 /* Base */ = {isa = PBXFileReference; lastKnownFileType = file.storyboard; name = Base; path = Base.lproj/Main.storyboard; sourceTree = "<group>"; };
		CE62D0C029DAE715008620E1 /* Assets.xcassets */ = {isa = PBXFileReference; lastKnownFileType = folder.assetcatalog; path = Assets.xcassets; sourceTree = "<group>"; };
		CE62D0C329DAE715008620E1 /* Base */ = {isa = PBXFileReference; lastKnownFileType = file.storyboard; name = Base; path = Base.lproj/LaunchScreen.storyboard; sourceTree = "<group>"; };
		CE62D0C529DAE715008620E1 /* Info.plist */ = {isa = PBXFileReference; lastKnownFileType = text.plist.xml; path = Info.plist; sourceTree = "<group>"; };
		CE62D0CA29DAE715008620E1 /* GithubDemoTests.xctest */ = {isa = PBXFileReference; explicitFileType = wrapper.cfbundle; includeInIndex = 0; path = GithubDemoTests.xctest; sourceTree = BUILT_PRODUCTS_DIR; };
		CE62D0CE29DAE715008620E1 /* GithubDemoTests.swift */ = {isa = PBXFileReference; lastKnownFileType = sourcecode.swift; path = GithubDemoTests.swift; sourceTree = "<group>"; };
		CE62D0D429DAE715008620E1 /* GithubDemoUITests.xctest */ = {isa = PBXFileReference; explicitFileType = wrapper.cfbundle; includeInIndex = 0; path = GithubDemoUITests.xctest; sourceTree = BUILT_PRODUCTS_DIR; };
		CE62D0D829DAE715008620E1 /* GithubDemoUITests.swift */ = {isa = PBXFileReference; lastKnownFileType = sourcecode.swift; path = GithubDemoUITests.swift; sourceTree = "<group>"; };
		CE62D0DA29DAE715008620E1 /* GithubDemoUITestsLaunchTests.swift */ = {isa = PBXFileReference; lastKnownFileType = sourcecode.swift; path = GithubDemoUITestsLaunchTests.swift; sourceTree = "<group>"; };
/* End PBXFileReference section */

/* Begin PBXFrameworksBuildPhase section */
		CE62D0B129DAE713008620E1 /* Frameworks */ = {
			isa = PBXFrameworksBuildPhase;
			buildActionMask = 2147483647;
			files = (
			);
			runOnlyForDeploymentPostprocessing = 0;
		};
		CE62D0C729DAE715008620E1 /* Frameworks */ = {
			isa = PBXFrameworksBuildPhase;
			buildActionMask = 2147483647;
			files = (
			);
			runOnlyForDeploymentPostprocessing = 0;
		};
		CE62D0D129DAE715008620E1 /* Frameworks */ = {
			isa = PBXFrameworksBuildPhase;
			buildActionMask = 2147483647;
			files = (
			);
			runOnlyForDeploymentPostprocessing = 0;
		};
/* End PBXFrameworksBuildPhase section */

/* Begin PBXGroup section */
		CE62D0AB29DAE713008620E1 = {
			isa = PBXGroup;
			children = (
				CE62D0B629DAE713008620E1 /* GithubDemo */,
				CE62D0CD29DAE715008620E1 /* GithubDemoTests */,
				CE62D0D729DAE715008620E1 /* GithubDemoUITests */,
				CE62D0B529DAE713008620E1 /* Products */,
			);
			sourceTree = "<group>";
		};
		CE62D0B529DAE713008620E1 /* Products */ = {
			isa = PBXGroup;
			children = (
				CE62D0B429DAE713008620E1 /* GithubDemo.app */,
				CE62D0CA29DAE715008620E1 /* GithubDemoTests.xctest */,
				CE62D0D429DAE715008620E1 /* GithubDemoUITests.xctest */,
			);
			name = Products;
			sourceTree = "<group>";
		};
		CE62D0B629DAE713008620E1 /* GithubDemo */ = {
			isa = PBXGroup;
			children = (
				CE62D0B729DAE713008620E1 /* AppDelegate.swift */,
				CE62D0B929DAE713008620E1 /* SceneDelegate.swift */,
				CE62D0BB29DAE713008620E1 /* ViewController.swift */,
				CE62D0BD29DAE713008620E1 /* Main.storyboard */,
				CE62D0C029DAE715008620E1 /* Assets.xcassets */,
				CE62D0C229DAE715008620E1 /* LaunchScreen.storyboard */,
				CE62D0C529DAE715008620E1 /* Info.plist */,
			);
			path = GithubDemo;
			sourceTree = "<group>";
		};
		CE62D0CD29DAE715008620E1 /* GithubDemoTests */ = {
			isa = PBXGroup;
			children = (
				CE62D0CE29DAE715008620E1 /* GithubDemoTests.swift */,
			);
			path = GithubDemoTests;
			sourceTree = "<group>";
		};
		CE62D0D729DAE715008620E1 /* GithubDemoUITests */ = {
			isa = PBXGroup;
			children = (
				CE62D0D829DAE715008620E1 /* GithubDemoUITests.swift */,
				CE62D0DA29DAE715008620E1 /* GithubDemoUITestsLaunchTests.swift */,
			);
			path = GithubDemoUITests;
			sourceTree = "<group>";
		};
/* End PBXGroup section */

/* Begin PBXNativeTarget section */
		CE62D0B329DAE713008620E1 /* GithubDemo */ = {
			isa = PBXNativeTarget;
			buildConfigurationList = CE62D0DE29DAE715008620E1 /* Build configuration list for PBXNativeTarget "GithubDemo" */;
			buildPhases = (
				CE62D0B029DAE713008620E1 /* Sources */,
				CE62D0B129DAE713008620E1 /* Frameworks */,
				CE62D0B229DAE713008620E1 /* Resources */,
			);
			buildRules = (
			);
			dependencies = (
			);
			name = GithubDemo;
			productName = GithubDemo;
			productReference = CE62D0B429DAE713008620E1 /* GithubDemo.app */;
			productType = "com.apple.product-type.application";
		};
		CE62D0C929DAE715008620E1 /* GithubDemoTests */ = {
			isa = PBXNativeTarget;
			buildConfigurationList = CE62D0E129DAE715008620E1 /* Build configuration list for PBXNativeTarget "GithubDemoTests" */;
			buildPhases = (
				CE62D0C629DAE715008620E1 /* Sources */,
				CE62D0C729DAE715008620E1 /* Frameworks */,
				CE62D0C829DAE715008620E1 /* Resources */,
			);
			buildRules = (
			);
			dependencies = (
				CE62D0CC29DAE715008620E1 /* PBXTargetDependency */,
			);
			name = GithubDemoTests;
			productName = GithubDemoTests;
			productReference = CE62D0CA29DAE715008620E1 /* GithubDemoTests.xctest */;
			productType = "com.apple.product-type.bundle.unit-test";
		};
		CE62D0D329DAE715008620E1 /* GithubDemoUITests */ = {
			isa = PBXNativeTarget;
			buildConfigurationList = CE62D0E429DAE715008620E1 /* Build configuration list for PBXNativeTarget "GithubDemoUITests" */;
			buildPhases = (
				CE62D0D029DAE715008620E1 /* Sources */,
				CE62D0D129DAE715008620E1 /* Frameworks */,
				CE62D0D229DAE715008620E1 /* Resources */,
			);
			buildRules = (
			);
			dependencies = (
				CE62D0D629DAE715008620E1 /* PBXTargetDependency */,
			);
			name = GithubDemoUITests;
			productName = GithubDemoUITests;
			productReference = CE62D0D429DAE715008620E1 /* GithubDemoUITests.xctest */;
			productType = "com.apple.product-type.bundle.ui-testing";
		};
/* End PBXNativeTarget section */

/* Begin PBXProject section */
		CE62D0AC29DAE713008620E1 /* Project object */ = {
			isa = PBXProject;
			attributes = {
				BuildIndependentTargetsInParallel = 1;
				LastSwiftUpdateCheck = 1420;
				LastUpgradeCheck = 1420;
				TargetAttributes = {
					CE62D0B329DAE713008620E1 = {
						CreatedOnToolsVersion = 14.2;
					};
					CE62D0C929DAE715008620E1 = {
						CreatedOnToolsVersion = 14.2;
						TestTargetID = CE62D0B329DAE713008620E1;
					};
					CE62D0D329DAE715008620E1 = {
						CreatedOnToolsVersion = 14.2;
						TestTargetID = CE62D0B329DAE713008620E1;
					};
				};
			};
			buildConfigurationList = CE62D0AF29DAE713008620E1 /* Build configuration list for PBXProject "GithubDemo" */;
			compatibilityVersion = "Xcode 14.0";
			developmentRegion = en;
			hasScannedForEncodings = 0;
			knownRegions = (
				en,
				Base,
			);
			mainGroup = CE62D0AB29DAE713008620E1;
			productRefGroup = CE62D0B529DAE713008620E1 /* Products */;
			projectDirPath = "";
			projectRoot = "";
			targets = (
				CE62D0B329DAE713008620E1 /* GithubDemo */,
				CE62D0C929DAE715008620E1 /* GithubDemoTests */,
				CE62D0D329DAE715008620E1 /* GithubDemoUITests */,
			);
		};
/* End PBXProject section */

/* Begin PBXResourcesBuildPhase section */
		CE62D0B229DAE713008620E1 /* Resources */ = {
			isa = PBXResourcesBuildPhase;
			buildActionMask = 2147483647;
			files = (
				CE62D0C429DAE715008620E1 /* LaunchScreen.storyboard in Resources */,
				CE62D0C129DAE715008620E1 /* Assets.xcassets in Resources */,
				CE62D0BF29DAE713008620E1 /* Main.storyboard in Resources */,
			);
			runOnlyForDeploymentPostprocessing = 0;
		};
		CE62D0C829DAE715008620E1 /* Resources */ = {
			isa = PBXResourcesBuildPhase;
			buildActionMask = 2147483647;
			files = (
			);
			runOnlyForDeploymentPostprocessing = 0;
		};
		CE62D0D229DAE715008620E1 /* Resources */ = {
			isa = PBXResourcesBuildPhase;
			buildActionMask = 2147483647;
			files = (
			);
			runOnlyForDeploymentPostprocessing = 0;
		};
/* End PBXResourcesBuildPhase section */

/* Begin PBXSourcesBuildPhase section */
		CE62D0B029DAE713008620E1 /* Sources */ = {
			isa = PBXSourcesBuildPhase;
			buildActionMask = 2147483647;
			files = (
				CE62D0BC29DAE713008620E1 /* ViewController.swift in Sources */,
				CE62D0B829DAE713008620E1 /* AppDelegate.swift in Sources */,
				CE62D0BA29DAE713008620E1 /* SceneDelegate.swift in Sources */,
			);
			runOnlyForDeploymentPostprocessing = 0;
		};
		CE62D0C629DAE715008620E1 /* Sources */ = {
			isa = PBXSourcesBuildPhase;
			buildActionMask = 2147483647;
			files = (
				CE62D0CF29DAE715008620E1 /* GithubDemoTests.swift in Sources */,
			);
			runOnlyForDeploymentPostprocessing = 0;
		};
		CE62D0D029DAE715008620E1 /* Sources */ = {
			isa = PBXSourcesBuildPhase;
			buildActionMask = 2147483647;
			files = (
				CE62D0DB29DAE715008620E1 /* GithubDemoUITestsLaunchTests.swift in Sources */,
				CE62D0D929DAE715008620E1 /* GithubDemoUITests.swift in Sources */,
			);
			runOnlyForDeploymentPostprocessing = 0;
		};
/* End PBXSourcesBuildPhase section */

/* Begin PBXTargetDependency section */
		CE62D0CC29DAE715008620E1 /* PBXTargetDependency */ = {
			isa = PBXTargetDependency;
			target = CE62D0B329DAE713008620E1 /* GithubDemo */;
			targetProxy = CE62D0CB29DAE715008620E1 /* PBXContainerItemProxy */;
		};
		CE62D0D629DAE715008620E1 /* PBXTargetDependency */ = {
			isa = PBXTargetDependency;
			target = CE62D0B329DAE713008620E1 /* GithubDemo */;
			targetProxy = CE62D0D529DAE715008620E1 /* PBXContainerItemProxy */;
		};
/* End PBXTargetDependency section */

/* Begin PBXVariantGroup section */
		CE62D0BD29DAE713008620E1 /* Main.storyboard */ = {
			isa = PBXVariantGroup;
			children = (
				CE62D0BE29DAE713008620E1 /* Base */,
			);
			name = Main.storyboard;
			sourceTree = "<group>";
		};
		CE62D0C229DAE715008620E1 /* LaunchScreen.storyboard */ = {
			isa = PBXVariantGroup;
			children = (
				CE62D0C329DAE715008620E1 /* Base */,
			);
			name = LaunchScreen.storyboard;
			sourceTree = "<group>";
		};
/* End PBXVariantGroup section */

/* Begin XCBuildConfiguration section */
		CE62D0DC29DAE715008620E1 /* Debug */ = {
			isa = XCBuildConfiguration;
			buildSettings = {
				ALWAYS_SEARCH_USER_PATHS = NO;
				CLANG_ANALYZER_NONNULL = YES;
				CLANG_ANALYZER_NUMBER_OBJECT_CONVERSION = YES_AGGRESSIVE;
				CLANG_CXX_LANGUAGE_STANDARD = "gnu++20";
				CLANG_ENABLE_MODULES = YES;
				CLANG_ENABLE_OBJC_ARC = YES;
				CLANG_ENABLE_OBJC_WEAK = YES;
				CLANG_WARN_BLOCK_CAPTURE_AUTORELEASING = YES;
				CLANG_WARN_BOOL_CONVERSION = YES;
				CLANG_WARN_COMMA = YES;
				CLANG_WARN_CONSTANT_CONVERSION = YES;
				CLANG_WARN_DEPRECATED_OBJC_IMPLEMENTATIONS = YES;
				CLANG_WARN_DIRECT_OBJC_ISA_USAGE = YES_ERROR;
				CLANG_WARN_DOCUMENTATION_COMMENTS = YES;
				CLANG_WARN_EMPTY_BODY = YES;
				CLANG_WARN_ENUM_CONVERSION = YES;
				CLANG_WARN_INFINITE_RECURSION = YES;
				CLANG_WARN_INT_CONVERSION = YES;
				CLANG_WARN_NON_LITERAL_NULL_CONVERSION = YES;
				CLANG_WARN_OBJC_IMPLICIT_RETAIN_SELF = YES;
				CLANG_WARN_OBJC_LITERAL_CONVERSION = YES;
				CLANG_WARN_OBJC_ROOT_CLASS = YES_ERROR;
				CLANG_WARN_QUOTED_INCLUDE_IN_FRAMEWORK_HEADER = YES;
				CLANG_WARN_RANGE_LOOP_ANALYSIS = YES;
				CLANG_WARN_STRICT_PROTOTYPES = YES;
				CLANG_WARN_SUSPICIOUS_MOVE = YES;
				CLANG_WARN_UNGUARDED_AVAILABILITY = YES_AGGRESSIVE;
				CLANG_WARN_UNREACHABLE_CODE = YES;
				CLANG_WARN__DUPLICATE_METHOD_MATCH = YES;
				COPY_PHASE_STRIP = NO;
				DEBUG_INFORMATION_FORMAT = dwarf;
				ENABLE_STRICT_OBJC_MSGSEND = YES;
				ENABLE_TESTABILITY = YES;
				GCC_C_LANGUAGE_STANDARD = gnu11;
				GCC_DYNAMIC_NO_PIC = NO;
				GCC_NO_COMMON_BLOCKS = YES;
				GCC_OPTIMIZATION_LEVEL = 0;
				GCC_PREPROCESSOR_DEFINITIONS = (
					"DEBUG=1",
					"$(inherited)",
				);
				GCC_WARN_64_TO_32_BIT_CONVERSION = YES;
				GCC_WARN_ABOUT_RETURN_TYPE = YES_ERROR;
				GCC_WARN_UNDECLARED_SELECTOR = YES;
				GCC_WARN_UNINITIALIZED_AUTOS = YES_AGGRESSIVE;
				GCC_WARN_UNUSED_FUNCTION = YES;
				GCC_WARN_UNUSED_VARIABLE = YES;
				IPHONEOS_DEPLOYMENT_TARGET = 16.2;
				MTL_ENABLE_DEBUG_INFO = INCLUDE_SOURCE;
				MTL_FAST_MATH = YES;
				ONLY_ACTIVE_ARCH = YES;
				SDKROOT = iphoneos;
				SWIFT_ACTIVE_COMPILATION_CONDITIONS = DEBUG;
				SWIFT_OPTIMIZATION_LEVEL = "-Onone";
			};
			name = Debug;
		};
		CE62D0DD29DAE715008620E1 /* Release */ = {
			isa = XCBuildConfiguration;
			buildSettings = {
				ALWAYS_SEARCH_USER_PATHS = NO;
				CLANG_ANALYZER_NONNULL = YES;
				CLANG_ANALYZER_NUMBER_OBJECT_CONVERSION = YES_AGGRESSIVE;
				CLANG_CXX_LANGUAGE_STANDARD = "gnu++20";
				CLANG_ENABLE_MODULES = YES;
				CLANG_ENABLE_OBJC_ARC = YES;
				CLANG_ENABLE_OBJC_WEAK = YES;
				CLANG_WARN_BLOCK_CAPTURE_AUTORELEASING = YES;
				CLANG_WARN_BOOL_CONVERSION = YES;
				CLANG_WARN_COMMA = YES;
				CLANG_WARN_CONSTANT_CONVERSION = YES;
				CLANG_WARN_DEPRECATED_OBJC_IMPLEMENTATIONS = YES;
				CLANG_WARN_DIRECT_OBJC_ISA_USAGE = YES_ERROR;
				CLANG_WARN_DOCUMENTATION_COMMENTS = YES;
				CLANG_WARN_EMPTY_BODY = YES;
				CLANG_WARN_ENUM_CONVERSION = YES;
				CLANG_WARN_INFINITE_RECURSION = YES;
				CLANG_WARN_INT_CONVERSION = YES;
				CLANG_WARN_NON_LITERAL_NULL_CONVERSION = YES;
				CLANG_WARN_OBJC_IMPLICIT_RETAIN_SELF = YES;
				CLANG_WARN_OBJC_LITERAL_CONVERSION = YES;
				CLANG_WARN_OBJC_ROOT_CLASS = YES_ERROR;
				CLANG_WARN_QUOTED_INCLUDE_IN_FRAMEWORK_HEADER = YES;
				CLANG_WARN_RANGE_LOOP_ANALYSIS = YES;
				CLANG_WARN_STRICT_PROTOTYPES = YES;
				CLANG_WARN_SUSPICIOUS_MOVE = YES;
				CLANG_WARN_UNGUARDED_AVAILABILITY = YES_AGGRESSIVE;
				CLANG_WARN_UNREACHABLE_CODE = YES;
				CLANG_WARN__DUPLICATE_METHOD_MATCH = YES;
				COPY_PHASE_STRIP = NO;
				DEBUG_INFORMATION_FORMAT = "dwarf-with-dsym";
				ENABLE_NS_ASSERTIONS = NO;
				ENABLE_STRICT_OBJC_MSGSEND = YES;
				GCC_C_LANGUAGE_STANDARD = gnu11;
				GCC_NO_COMMON_BLOCKS = YES;
				GCC_WARN_64_TO_32_BIT_CONVERSION = YES;
				GCC_WARN_ABOUT_RETURN_TYPE = YES_ERROR;
				GCC_WARN_UNDECLARED_SELECTOR = YES;
				GCC_WARN_UNINITIALIZED_AUTOS = YES_AGGRESSIVE;
				GCC_WARN_UNUSED_FUNCTION = YES;
				GCC_WARN_UNUSED_VARIABLE = YES;
				IPHONEOS_DEPLOYMENT_TARGET = 16.2;
				MTL_ENABLE_DEBUG_INFO = NO;
				MTL_FAST_MATH = YES;
				SDKROOT = iphoneos;
				SWIFT_COMPILATION_MODE = wholemodule;
				SWIFT_OPTIMIZATION_LEVEL = "-O";
				VALIDATE_PRODUCT = YES;
			};
			name = Release;
		};
		CE62D0DF29DAE715008620E1 /* Debug */ = {
			isa = XCBuildConfiguration;
			buildSettings = {
				ASSETCATALOG_COMPILER_APPICON_NAME = AppIcon;
				ASSETCATALOG_COMPILER_GLOBAL_ACCENT_COLOR_NAME = AccentColor;
				CODE_SIGN_STYLE = Automatic;
				CURRENT_PROJECT_VERSION = 1;
				GENERATE_INFOPLIST_FILE = YES;
				INFOPLIST_FILE = GithubDemo/Info.plist;
				INFOPLIST_KEY_UIApplicationSupportsIndirectInputEvents = YES;
				INFOPLIST_KEY_UILaunchStoryboardName = LaunchScreen;
				INFOPLIST_KEY_UIMainStoryboardFile = Main;
				INFOPLIST_KEY_UISupportedInterfaceOrientations_iPad = "UIInterfaceOrientationPortrait UIInterfaceOrientationPortraitUpsideDown UIInterfaceOrientationLandscapeLeft UIInterfaceOrientationLandscapeRight";
				INFOPLIST_KEY_UISupportedInterfaceOrientations_iPhone = "UIInterfaceOrientationPortrait UIInterfaceOrientationLandscapeLeft UIInterfaceOrientationLandscapeRight";
				LD_RUNPATH_SEARCH_PATHS = (
					"$(inherited)",
					"@executable_path/Frameworks",
				);
				MARKETING_VERSION = 1.0;
				PRODUCT_BUNDLE_IDENTIFIER = com.MyiOSApp.GithubDemo;
				PRODUCT_NAME = "$(TARGET_NAME)";
				SWIFT_EMIT_LOC_STRINGS = YES;
				SWIFT_VERSION = 5.0;
				TARGETED_DEVICE_FAMILY = "1,2";
			};
			name = Debug;
		};
		CE62D0E029DAE715008620E1 /* Release */ = {
			isa = XCBuildConfiguration;
			buildSettings = {
				ASSETCATALOG_COMPILER_APPICON_NAME = AppIcon;
				ASSETCATALOG_COMPILER_GLOBAL_ACCENT_COLOR_NAME = AccentColor;
				CODE_SIGN_STYLE = Automatic;
				CURRENT_PROJECT_VERSION = 1;
				GENERATE_INFOPLIST_FILE = YES;
				INFOPLIST_FILE = GithubDemo/Info.plist;
				INFOPLIST_KEY_UIApplicationSupportsIndirectInputEvents = YES;
				INFOPLIST_KEY_UILaunchStoryboardName = LaunchScreen;
				INFOPLIST_KEY_UIMainStoryboardFile = Main;
				INFOPLIST_KEY_UISupportedInterfaceOrientations_iPad = "UIInterfaceOrientationPortrait UIInterfaceOrientationPortraitUpsideDown UIInterfaceOrientationLandscapeLeft UIInterfaceOrientationLandscapeRight";
				INFOPLIST_KEY_UISupportedInterfaceOrientations_iPhone = "UIInterfaceOrientationPortrait UIInterfaceOrientationLandscapeLeft UIInterfaceOrientationLandscapeRight";
				LD_RUNPATH_SEARCH_PATHS = (
					"$(inherited)",
					"@executable_path/Frameworks",
				);
				MARKETING_VERSION = 1.0;
				PRODUCT_BUNDLE_IDENTIFIER = com.MyiOSApp.GithubDemo;
				PRODUCT_NAME = "$(TARGET_NAME)";
				SWIFT_EMIT_LOC_STRINGS = YES;
				SWIFT_VERSION = 5.0;
				TARGETED_DEVICE_FAMILY = "1,2";
			};
			name = Release;
		};
		CE62D0E229DAE715008620E1 /* Debug */ = {
			isa = XCBuildConfiguration;
			buildSettings = {
				ALWAYS_EMBED_SWIFT_STANDARD_LIBRARIES = YES;
				BUNDLE_LOADER = "$(TEST_HOST)";
				CODE_SIGN_STYLE = Automatic;
				CURRENT_PROJECT_VERSION = 1;
				GENERATE_INFOPLIST_FILE = YES;
				IPHONEOS_DEPLOYMENT_TARGET = 16.2;
				MARKETING_VERSION = 1.0;
				PRODUCT_BUNDLE_IDENTIFIER = com.MyiOSApp.GithubDemoTests;
				PRODUCT_NAME = "$(TARGET_NAME)";
				SWIFT_EMIT_LOC_STRINGS = NO;
				SWIFT_VERSION = 5.0;
				TARGETED_DEVICE_FAMILY = "1,2";
				TEST_HOST = "$(BUILT_PRODUCTS_DIR)/GithubDemo.app/$(BUNDLE_EXECUTABLE_FOLDER_PATH)/GithubDemo";
			};
			name = Debug;
		};
		CE62D0E329DAE715008620E1 /* Release */ = {
			isa = XCBuildConfiguration;
			buildSettings = {
				ALWAYS_EMBED_SWIFT_STANDARD_LIBRARIES = YES;
				BUNDLE_LOADER = "$(TEST_HOST)";
				CODE_SIGN_STYLE = Automatic;
				CURRENT_PROJECT_VERSION = 1;
				GENERATE_INFOPLIST_FILE = YES;
				IPHONEOS_DEPLOYMENT_TARGET = 16.2;
				MARKETING_VERSION = 1.0;
				PRODUCT_BUNDLE_IDENTIFIER = com.MyiOSApp.GithubDemoTests;
				PRODUCT_NAME = "$(TARGET_NAME)";
				SWIFT_EMIT_LOC_STRINGS = NO;
				SWIFT_VERSION = 5.0;
				TARGETED_DEVICE_FAMILY = "1,2";
				TEST_HOST = "$(BUILT_PRODUCTS_DIR)/GithubDemo.app/$(BUNDLE_EXECUTABLE_FOLDER_PATH)/GithubDemo";
			};
			name = Release;
		};
		CE62D0E529DAE715008620E1 /* Debug */ = {
			isa = XCBuildConfiguration;
			buildSettings = {
				ALWAYS_EMBED_SWIFT_STANDARD_LIBRARIES = YES;
				CODE_SIGN_STYLE = Automatic;
				CURRENT_PROJECT_VERSION = 1;
				GENERATE_INFOPLIST_FILE = YES;
				MARKETING_VERSION = 1.0;
				PRODUCT_BUNDLE_IDENTIFIER = com.MyiOSApp.GithubDemoUITests;
				PRODUCT_NAME = "$(TARGET_NAME)";
				SWIFT_EMIT_LOC_STRINGS = NO;
				SWIFT_VERSION = 5.0;
				TARGETED_DEVICE_FAMILY = "1,2";
				TEST_TARGET_NAME = GithubDemo;
			};
			name = Debug;
		};
		CE62D0E629DAE715008620E1 /* Release */ = {
			isa = XCBuildConfiguration;
			buildSettings = {
				ALWAYS_EMBED_SWIFT_STANDARD_LIBRARIES = YES;
				CODE_SIGN_STYLE = Automatic;
				CURRENT_PROJECT_VERSION = 1;
				GENERATE_INFOPLIST_FILE = YES;
				MARKETING_VERSION = 1.0;
				PRODUCT_BUNDLE_IDENTIFIER = com.MyiOSApp.GithubDemoUITests;
				PRODUCT_NAME = "$(TARGET_NAME)";
				SWIFT_EMIT_LOC_STRINGS = NO;
				SWIFT_VERSION = 5.0;
				TARGETED_DEVICE_FAMILY = "1,2";
				TEST_TARGET_NAME = GithubDemo;
			};
			name = Release;
		};
/* End XCBuildConfiguration section */

/* Begin XCConfigurationList section */
		CE62D0AF29DAE713008620E1 /* Build configuration list for PBXProject "GithubDemo" */ = {
			isa = XCConfigurationList;
			buildConfigurations = (
				CE62D0DC29DAE715008620E1 /* Debug */,
				CE62D0DD29DAE715008620E1 /* Release */,
			);
			defaultConfigurationIsVisible = 0;
			defaultConfigurationName = Release;
		};
		CE62D0DE29DAE715008620E1 /* Build configuration list for PBXNativeTarget "GithubDemo" */ = {
			isa = XCConfigurationList;
			buildConfigurations = (
				CE62D0DF29DAE715008620E1 /* Debug */,
				CE62D0E029DAE715008620E1 /* Release */,
			);
			defaultConfigurationIsVisible = 0;
			defaultConfigurationName = Release;
		};
		CE62D0E129DAE715008620E1 /* Build configuration list for PBXNativeTarget "GithubDemoTests" */ = {
			isa = XCConfigurationList;
			buildConfigurations = (
				CE62D0E229DAE715008620E1 /* Debug */,
				CE62D0E329DAE715008620E1 /* Release */,
			);
			defaultConfigurationIsVisible = 0;
			defaultConfigurationName = Release;
		};
		CE62D0E429DAE715008620E1 /* Build configuration list for PBXNativeTarget "GithubDemoUITests" */ = {
			isa = XCConfigurationList;
			buildConfigurations = (
				CE62D0E529DAE715008620E1 /* Debug */,
				CE62D0E629DAE715008620E1 /* Release */,
			);
			defaultConfigurationIsVisible = 0;
			defaultConfigurationName = Release;
		};
/* End XCConfigurationList section */
	};
	rootObject = CE62D0AC29DAE713008620E1 /* Project object */;
}
